
Microsoft Visual Studio Solution File, Format Version 12.00
# Visual Studio Version 16
VisualStudioVersion = 16.0.29519.87
MinimumVisualStudioVersion = 10.0.40219.1
Project("{FAE04EC0-301F-11D3-BF4B-00C04F79EFBC}") = "DataStructures", "Datastructures\DataStructures.csproj", "{BED5DF61-1659-4845-9758-0333F0D4BE7B}"
EndProject
Project("{FAE04EC0-301F-11D3-BF4B-00C04F79EFBC}") = "AstarApp", "ConsoleApp1\AstarApp.csproj", "{80B8B339-B3F3-45A8-A94D-BC2BBDD1E1C1}"
EndProject
Global
	GlobalSection(SolutionConfigurationPlatforms) = preSolution
		Debug|Any CPU = Debug|Any CPU
		Debug|x86 = Debug|x86
		Release|Any CPU = Release|Any CPU
		Release|x86 = Release|x86
	EndGlobalSection
	GlobalSection(ProjectConfigurationPlatforms) = postSolution
		{BED5DF61-1659-4845-9758-0333F0D4BE7B}.Debug|Any CPU.ActiveCfg = Debug|Any CPU
		{BED5DF61-1659-4845-9758-0333F0D4BE7B}.Debug|Any CPU.Build.0 = Debug|Any CPU
		{BED5DF61-1659-4845-9758-0333F0D4BE7B}.Debug|x86.ActiveCfg = Debug|Any CPU
		{BED5DF61-1659-4845-9758-0333F0D4BE7B}.Debug|x86.Build.0 = Debug|Any CPU
		{BED5DF61-1659-4845-9758-0333F0D4BE7B}.Release|Any CPU.ActiveCfg = Release|Any CPU
		{BED5DF61-1659-4845-9758-0333F0D4BE7B}.Release|Any CPU.Build.0 = Release|Any CPU
		{BED5DF61-1659-4845-9758-0333F0D4BE7B}.Release|x86.ActiveCfg = Release|Any CPU
		{BED5DF61-1659-4845-9758-0333F0D4BE7B}.Release|x86.Build.0 = Release|Any CPU
		{80B8B339-B3F3-45A8-A94D-BC2BBDD1E1C1}.Debug|Any CPU.ActiveCfg = Debug|Any CPU
		{80B8B339-B3F3-45A8-A94D-BC2BBDD1E1C1}.Debug|Any CPU.Build.0 = Debug|Any CPU
		{80B8B339-B3F3-45A8-A94D-BC2BBDD1E1C1}.Debug|x86.ActiveCfg = Debug|Any CPU
		{80B8B339-B3F3-45A8-A94D-BC2BBDD1E1C1}.Debug|x86.Build.0 = Debug|Any CPU
		{80B8B339-B3F3-45A8-A94D-BC2BBDD1E1C1}.Release|Any CPU.ActiveCfg = Release|Any CPU
		{80B8B339-B3F3-45A8-A94D-BC2BBDD1E1C1}.Release|Any CPU.Build.0 = Release|Any CPU
		{80B8B339-B3F3-45A8-A94D-BC2BBDD1E1C1}.Release|x86.ActiveCfg = Release|Any CPU
		{80B8B339-B3F3-45A8-A94D-BC2BBDD1E1C1}.Release|x86.Build.0 = Release|Any CPU
	EndGlobalSection
	GlobalSection(SolutionProperties) = preSolution
		HideSolutionNode = FALSE
	EndGlobalSection
	GlobalSection(ExtensibilityGlobals) = postSolution
		SolutionGuid = {37F32778-7957-4A10-880F-2E337946F524}
	EndGlobalSection
EndGlobal
